dependencies:
  espressif/cmake_utilities:
    component_hash: 351350613ceafba240b761b4ea991e0f231ac7a9f59a9ee901f751bddc0bb18f
    source:
      service_url: https://api.components.espressif.com/
      type: service
    version: 0.5.3
  espressif/esp_audio_codec:
    component_hash: 2df98c7494d311ee4c14368eb7bd1d00f787c8f52921e65baf0e085e250d8cf9
    source:
      service_url: https://api.components.espressif.com/
      type: service
    version: 2.1.0
  espressif/usb_host_uac:
    component_hash: afb7da2c760c08a56bbc238f0c51d64e8289cb4b1de276670feab43a6a9fc0c9
    source:
      service_url: https://api.components.espressif.com/
      type: service
    version: 1.2.0
  idf:
    component_hash: null
    source:
      type: idf
    version: 5.1.2
manifest_hash: 5c36333cb3daa63d9c2e3551f936c453046fa905a29d239dc08431f91d6473e6
target: esp32s3
version: 1.0.0
